// !$*UTF8*$!
{
	archiveVersion = 1;
	classes = {
	};
	objectVersion = 51;
	objects = {

/* Begin PBXBuildFile section */
		0D17A76B324744634752CA2D /* Pods_BeerShelter.framework in Frameworks */ = {isa = PBXBuildFile; fileRef = D4090806BA030F8F03B3402A /* Pods_BeerShelter.framework */; };
		AF52309125E68F89004AF40A /* BeerInfoViewController.swift in Sources */ = {isa = PBXBuildFile; fileRef = AF52309025E68F89004AF40A /* BeerInfoViewController.swift */; };
		AF52309525E691EA004AF40A /* utils.swift in Sources */ = {isa = PBXBuildFile; fileRef = AF52309425E691EA004AF40A /* utils.swift */; };
		AF52309825E69440004AF40A /* ImageCollectionViewController.swift in Sources */ = {isa = PBXBuildFile; fileRef = AF52309725E69440004AF40A /* ImageCollectionViewController.swift */; };
		AF56015425E56C4E00026FF6 /* TableViewController.swift in Sources */ = {isa = PBXBuildFile; fileRef = AF56015325E56C4E00026FF6 /* TableViewController.swift */; };
		AF5759B225E7DE3500454448 /* MapViewController.swift in Sources */ = {isa = PBXBuildFile; fileRef = AF5759B125E7DE3500454448 /* MapViewController.swift */; };
		AF5759B525E7E7EF00454448 /* EditViewController.swift in Sources */ = {isa = PBXBuildFile; fileRef = AF5759B425E7E7EF00454448 /* EditViewController.swift */; };
		AF58F37625E53AB40003A512 /* AppDelegate.swift in Sources */ = {isa = PBXBuildFile; fileRef = AF58F37525E53AB40003A512 /* AppDelegate.swift */; };
		AF58F37825E53AB40003A512 /* SceneDelegate.swift in Sources */ = {isa = PBXBuildFile; fileRef = AF58F37725E53AB40003A512 /* SceneDelegate.swift */; };
		AF58F37A25E53AB40003A512 /* LoginViewController.swift in Sources */ = {isa = PBXBuildFile; fileRef = AF58F37925E53AB40003A512 /* LoginViewController.swift */; };
		AF58F37D25E53AB40003A512 /* Main.storyboard in Resources */ = {isa = PBXBuildFile; fileRef = AF58F37B25E53AB40003A512 /* Main.storyboard */; };
		AF58F37F25E53AB60003A512 /* Assets.xcassets in Resources */ = {isa = PBXBuildFile; fileRef = AF58F37E25E53AB60003A512 /* Assets.xcassets */; };
		AF58F38225E53AB70003A512 /* LaunchScreen.storyboard in Resources */ = {isa = PBXBuildFile; fileRef = AF58F38025E53AB70003A512 /* LaunchScreen.storyboard */; };
		AF58F38E25E53E510003A512 /* GoogleService-Info.plist in Resources */ = {isa = PBXBuildFile; fileRef = AF58F38D25E53E510003A512 /* GoogleService-Info.plist */; };
		AF5A8A9425F2926F001F8881 /* Settings.bundle in Resources */ = {isa = PBXBuildFile; fileRef = AF5A8A9325F2926F001F8881 /* Settings.bundle */; };
		AFCB8B0625E859F90039531C /* RegisterViewController.swift in Sources */ = {isa = PBXBuildFile; fileRef = AFCB8B0525E859F90039531C /* RegisterViewController.swift */; };
/* End PBXBuildFile section */

/* Begin PBXFileReference section */
		7B07ACCA2EC6022F5B46618A /* Pods-BeerShelter.release.xcconfig */ = {isa = PBXFileReference; includeInIndex = 1; lastKnownFileType = text.xcconfig; name = "Pods-BeerShelter.release.xcconfig"; path = "Target Support Files/Pods-BeerShelter/Pods-BeerShelter.release.xcconfig"; sourceTree = "<group>"; };
		A6E991B785D79D4D08DC1639 /* Pods-BeerShelter.debug.xcconfig */ = {isa = PBXFileReference; includeInIndex = 1; lastKnownFileType = text.xcconfig; name = "Pods-BeerShelter.debug.xcconfig"; path = "Target Support Files/Pods-BeerShelter/Pods-BeerShelter.debug.xcconfig"; sourceTree = "<group>"; };
		AF52309025E68F89004AF40A /* BeerInfoViewController.swift */ = {isa = PBXFileReference; lastKnownFileType = sourcecode.swift; path = BeerInfoViewController.swift; sourceTree = "<group>"; };
		AF52309425E691EA004AF40A /* utils.swift */ = {isa = PBXFileReference; lastKnownFileType = sourcecode.swift; path = utils.swift; sourceTree = "<group>"; };
		AF52309725E69440004AF40A /* ImageCollectionViewController.swift */ = {isa = PBXFileReference; lastKnownFileType = sourcecode.swift; path = ImageCollectionViewController.swift; sourceTree = "<group>"; };
		AF56015325E56C4E00026FF6 /* TableViewController.swift */ = {isa = PBXFileReference; lastKnownFileType = sourcecode.swift; path = TableViewController.swift; sourceTree = "<group>"; };
		AF5759B125E7DE3500454448 /* MapViewController.swift */ = {isa = PBXFileReference; lastKnownFileType = sourcecode.swift; path = MapViewController.swift; sourceTree = "<group>"; };
		AF5759B425E7E7EF00454448 /* EditViewController.swift */ = {isa = PBXFileReference; lastKnownFileType = sourcecode.swift; path = EditViewController.swift; sourceTree = "<group>"; };
		AF58F37225E53AB40003A512 /* BeerShelter.app */ = {isa = PBXFileReference; explicitFileType = wrapper.application; includeInIndex = 0; path = BeerShelter.app; sourceTree = BUILT_PRODUCTS_DIR; };
		AF58F37525E53AB40003A512 /* AppDelegate.swift */ = {isa = PBXFileReference; lastKnownFileType = sourcecode.swift; path = AppDelegate.swift; sourceTree = "<group>"; };
		AF58F37725E53AB40003A512 /* SceneDelegate.swift */ = {isa = PBXFileReference; lastKnownFileType = sourcecode.swift; path = SceneDelegate.swift; sourceTree = "<group>"; };
		AF58F37925E53AB40003A512 /* LoginViewController.swift */ = {isa = PBXFileReference; lastKnownFileType = sourcecode.swift; path = LoginViewController.swift; sourceTree = "<group>"; };
		AF58F37C25E53AB40003A512 /* Base */ = {isa = PBXFileReference; lastKnownFileType = file.storyboard; name = Base; path = Base.lproj/Main.storyboard; sourceTree = "<group>"; };
		AF58F37E25E53AB60003A512 /* Assets.xcassets */ = {isa = PBXFileReference; lastKnownFileType = folder.assetcatalog; path = Assets.xcassets; sourceTree = "<group>"; };
		AF58F38125E53AB70003A512 /* Base */ = {isa = PBXFileReference; lastKnownFileType = file.storyboard; name = Base; path = Base.lproj/LaunchScreen.storyboard; sourceTree = "<group>"; };
		AF58F38325E53AB70003A512 /* Info.plist */ = {isa = PBXFileReference; lastKnownFileType = text.plist.xml; path = Info.plist; sourceTree = "<group>"; };
		AF58F38D25E53E510003A512 /* GoogleService-Info.plist */ = {isa = PBXFileReference; fileEncoding = 4; lastKnownFileType = text.plist.xml; path = "GoogleService-Info.plist"; sourceTree = "<group>"; };
		AF5A8A9325F2926F001F8881 /* Settings.bundle */ = {isa = PBXFileReference; lastKnownFileType = "wrapper.plug-in"; path = Settings.bundle; sourceTree = "<group>"; };
		AFCB8B0525E859F90039531C /* RegisterViewController.swift */ = {isa = PBXFileReference; lastKnownFileType = sourcecode.swift; path = RegisterViewController.swift; sourceTree = "<group>"; };
		D4090806BA030F8F03B3402A /* Pods_BeerShelter.framework */ = {isa = PBXFileReference; explicitFileType = wrapper.framework; includeInIndex = 0; path = Pods_BeerShelter.framework; sourceTree = BUILT_PRODUCTS_DIR; };
/* End PBXFileReference section */

/* Begin PBXFrameworksBuildPhase section */
		AF58F36F25E53AB40003A512 /* Frameworks */ = {
			isa = PBXFrameworksBuildPhase;
			buildActionMask = 2147483647;
			files = (
				0D17A76B324744634752CA2D /* Pods_BeerShelter.framework in Frameworks */,
			);
			runOnlyForDeploymentPostprocessing = 0;
		};
/* End PBXFrameworksBuildPhase section */

/* Begin PBXGroup section */
		1916895526FF99A26B931FEC /* Frameworks */ = {
			isa = PBXGroup;
			children = (
				D4090806BA030F8F03B3402A /* Pods_BeerShelter.framework */,
			);
			name = Frameworks;
			sourceTree = "<group>";
		};
		690DC41E2379226B59B1A7DF /* Pods */ = {
			isa = PBXGroup;
			children = (
				A6E991B785D79D4D08DC1639 /* Pods-BeerShelter.debug.xcconfig */,
				7B07ACCA2EC6022F5B46618A /* Pods-BeerShelter.release.xcconfig */,
			);
			path = Pods;
			sourceTree = "<group>";
		};
		AF52309325E691C4004AF40A /* Helpers */ = {
			isa = PBXGroup;
			children = (
				AF52309425E691EA004AF40A /* utils.swift */,
			);
			path = Helpers;
			sourceTree = "<group>";
		};
		AF56012325E54C6700026FF6 /* ViewControllers */ = {
			isa = PBXGroup;
			children = (
				AF58F37925E53AB40003A512 /* LoginViewController.swift */,
				AF56015325E56C4E00026FF6 /* TableViewController.swift */,
				AF52309025E68F89004AF40A /* BeerInfoViewController.swift */,
				AF52309725E69440004AF40A /* ImageCollectionViewController.swift */,
				AF5759B125E7DE3500454448 /* MapViewController.swift */,
				AF5759B425E7E7EF00454448 /* EditViewController.swift */,
				AFCB8B0525E859F90039531C /* RegisterViewController.swift */,
			);
			path = ViewControllers;
			sourceTree = "<group>";
		};
		AF58F36925E53AB40003A512 = {
			isa = PBXGroup;
			children = (
				AF58F37425E53AB40003A512 /* BeerShelter */,
				AF58F37325E53AB40003A512 /* Products */,
				690DC41E2379226B59B1A7DF /* Pods */,
				1916895526FF99A26B931FEC /* Frameworks */,
			);
			sourceTree = "<group>";
		};
		AF58F37325E53AB40003A512 /* Products */ = {
			isa = PBXGroup;
			children = (
				AF58F37225E53AB40003A512 /* BeerShelter.app */,
			);
			name = Products;
			sourceTree = "<group>";
		};
		AF58F37425E53AB40003A512 /* BeerShelter */ = {
			isa = PBXGroup;
			children = (
				AF58F37525E53AB40003A512 /* AppDelegate.swift */,
				AF58F37725E53AB40003A512 /* SceneDelegate.swift */,
				AF52309325E691C4004AF40A /* Helpers */,
				AF56012325E54C6700026FF6 /* ViewControllers */,
				AF58F37B25E53AB40003A512 /* Main.storyboard */,
				AF58F37E25E53AB60003A512 /* Assets.xcassets */,
				AF58F38025E53AB70003A512 /* LaunchScreen.storyboard */,
				AF58F38D25E53E510003A512 /* GoogleService-Info.plist */,
				AF58F38325E53AB70003A512 /* Info.plist */,
				AF5A8A9325F2926F001F8881 /* Settings.bundle */,
			);
			path = BeerShelter;
			sourceTree = "<group>";
		};
/* End PBXGroup section */

/* Begin PBXNativeTarget section */
		AF58F37125E53AB40003A512 /* BeerShelter */ = {
			isa = PBXNativeTarget;
			buildConfigurationList = AF58F38625E53AB70003A512 /* Build configuration list for PBXNativeTarget "BeerShelter" */;
			buildPhases = (
				5190A98D472B7BB1940F10AF /* [CP] Check Pods Manifest.lock */,
				AF58F36E25E53AB40003A512 /* Sources */,
				AF58F36F25E53AB40003A512 /* Frameworks */,
				AF58F37025E53AB40003A512 /* Resources */,
				FDE106D6DD43FE6DF5B2D32D /* [CP] Embed Pods Frameworks */,
				61FFF8068AA4A9A72E970107 /* [CP] Copy Pods Resources */,
			);
			buildRules = (
			);
			dependencies = (
			);
			name = BeerShelter;
			productName = BeerShelter;
			productReference = AF58F37225E53AB40003A512 /* BeerShelter.app */;
			productType = "com.apple.product-type.application";
		};
/* End PBXNativeTarget section */

/* Begin PBXProject section */
		AF58F36A25E53AB40003A512 /* Project object */ = {
			isa = PBXProject;
			attributes = {
				LastSwiftUpdateCheck = 1240;
				LastUpgradeCheck = 1240;
				TargetAttributes = {
					AF58F37125E53AB40003A512 = {
						CreatedOnToolsVersion = 12.4;
					};
				};
			};
			buildConfigurationList = AF58F36D25E53AB40003A512 /* Build configuration list for PBXProject "BeerShelter" */;
			compatibilityVersion = "Xcode 9.3";
			developmentRegion = en;
			hasScannedForEncodings = 0;
			knownRegions = (
				en,
				Base,
			);
			mainGroup = AF58F36925E53AB40003A512;
			productRefGroup = AF58F37325E53AB40003A512 /* Products */;
			projectDirPath = "";
			projectRoot = "";
			targets = (
				AF58F37125E53AB40003A512 /* BeerShelter */,
			);
		};
/* End PBXProject section */

/* Begin PBXResourcesBuildPhase section */
		AF58F37025E53AB40003A512 /* Resources */ = {
			isa = PBXResourcesBuildPhase;
			buildActionMask = 2147483647;
			files = (
				AF58F38225E53AB70003A512 /* LaunchScreen.storyboard in Resources */,
				AF58F37F25E53AB60003A512 /* Assets.xcassets in Resources */,
				AF5A8A9425F2926F001F8881 /* Settings.bundle in Resources */,
				AF58F38E25E53E510003A512 /* GoogleService-Info.plist in Resources */,
				AF58F37D25E53AB40003A512 /* Main.storyboard in Resources */,
			);
			runOnlyForDeploymentPostprocessing = 0;
		};
/* End PBXResourcesBuildPhase section */

/* Begin PBXShellScriptBuildPhase section */
		5190A98D472B7BB1940F10AF /* [CP] Check Pods Manifest.lock */ = {
			isa = PBXShellScriptBuildPhase;
			buildActionMask = 2147483647;
			files = (
			);
			inputFileListPaths = (
			);
			inputPaths = (
				"${PODS_PODFILE_DIR_PATH}/Podfile.lock",
				"${PODS_ROOT}/Manifest.lock",
			);
			name = "[CP] Check Pods Manifest.lock";
			outputFileListPaths = (
			);
			outputPaths = (
				"$(DERIVED_FILE_DIR)/Pods-BeerShelter-checkManifestLockResult.txt",
			);
			runOnlyForDeploymentPostprocessing = 0;
			shellPath = /bin/sh;
			shellScript = "diff \"${PODS_PODFILE_DIR_PATH}/Podfile.lock\" \"${PODS_ROOT}/Manifest.lock\" > /dev/null\nif [ $? != 0 ] ; then\n    # print error to STDERR\n    echo \"error: The sandbox is not in sync with the Podfile.lock. Run 'pod install' or update your CocoaPods installation.\" >&2\n    exit 1\nfi\n# This output is used by Xcode 'outputs' to avoid re-running this script phase.\necho \"SUCCESS\" > \"${SCRIPT_OUTPUT_FILE_0}\"\n";
			showEnvVarsInLog = 0;
		};
		61FFF8068AA4A9A72E970107 /* [CP] Copy Pods Resources */ = {
			isa = PBXShellScriptBuildPhase;
			buildActionMask = 2147483647;
			files = (
			);
			inputFileListPaths = (
				"${PODS_ROOT}/Target Support Files/Pods-BeerShelter/Pods-BeerShelter-resources-${CONFIGURATION}-input-files.xcfilelist",
			);
			name = "[CP] Copy Pods Resources";
			outputFileListPaths = (
				"${PODS_ROOT}/Target Support Files/Pods-BeerShelter/Pods-BeerShelter-resources-${CONFIGURATION}-output-files.xcfilelist",
			);
			runOnlyForDeploymentPostprocessing = 0;
			shellPath = /bin/sh;
			shellScript = "\"${PODS_ROOT}/Target Support Files/Pods-BeerShelter/Pods-BeerShelter-resources.sh\"\n";
			showEnvVarsInLog = 0;
		};
		FDE106D6DD43FE6DF5B2D32D /* [CP] Embed Pods Frameworks */ = {
			isa = PBXShellScriptBuildPhase;
			buildActionMask = 2147483647;
			files = (
			);
			inputFileListPaths = (
				"${PODS_ROOT}/Target Support Files/Pods-BeerShelter/Pods-BeerShelter-frameworks-${CONFIGURATION}-input-files.xcfilelist",
			);
			name = "[CP] Embed Pods Frameworks";
			outputFileListPaths = (
				"${PODS_ROOT}/Target Support Files/Pods-BeerShelter/Pods-BeerShelter-frameworks-${CONFIGURATION}-output-files.xcfilelist",
			);
			runOnlyForDeploymentPostprocessing = 0;
			shellPath = /bin/sh;
			shellScript = "\"${PODS_ROOT}/Target Support Files/Pods-BeerShelter/Pods-BeerShelter-frameworks.sh\"\n";
			showEnvVarsInLog = 0;
		};
/* End PBXShellScriptBuildPhase section */

/* Begin PBXSourcesBuildPhase section */
		AF58F36E25E53AB40003A512 /* Sources */ = {
			isa = PBXSourcesBuildPhase;
			buildActionMask = 2147483647;
			files = (
				AF52309825E69440004AF40A /* ImageCollectionViewController.swift in Sources */,
				AFCB8B0625E859F90039531C /* RegisterViewController.swift in Sources */,
				AF52309125E68F89004AF40A /* BeerInfoViewController.swift in Sources */,
				AF58F37A25E53AB40003A512 /* LoginViewController.swift in Sources */,
				AF58F37625E53AB40003A512 /* AppDelegate.swift in Sources */,
				AF58F37825E53AB40003A512 /* SceneDelegate.swift in Sources */,
				AF52309525E691EA004AF40A /* utils.swift in Sources */,
				AF56015425E56C4E00026FF6 /* TableViewController.swift in Sources */,
				AF5759B225E7DE3500454448 /* MapViewController.swift in Sources */,
				AF5759B525E7E7EF00454448 /* EditViewController.swift in Sources */,
			);
			runOnlyForDeploymentPostprocessing = 0;
		};
/* End PBXSourcesBuildPhase section */

/* Begin PBXVariantGroup section */
		AF58F37B25E53AB40003A512 /* Main.storyboard */ = {
			isa = PBXVariantGroup;
			children = (
				AF58F37C25E53AB40003A512 /* Base */,
			);
			name = Main.storyboard;
			sourceTree = "<group>";
		};
		AF58F38025E53AB70003A512 /* LaunchScreen.storyboard */ = {
			isa = PBXVariantGroup;
			children = (
				AF58F38125E53AB70003A512 /* Base */,
			);
			name = LaunchScreen.storyboard;
			sourceTree = "<group>";
		};
/* End PBXVariantGroup section */

/* Begin XCBuildConfiguration section */
		AF58F38425E53AB70003A512 /* Debug */ = {
			isa = XCBuildConfiguration;
			buildSettings = {
				ALWAYS_SEARCH_USER_PATHS = NO;
				CLANG_ANALYZER_NONNULL = YES;
				CLANG_ANALYZER_NUMBER_OBJECT_CONVERSION = YES_AGGRESSIVE;
				CLANG_CXX_LANGUAGE_STANDARD = "gnu++14";
				CLANG_CXX_LIBRARY = "libc++";
				CLANG_ENABLE_MODULES = YES;
				CLANG_ENABLE_OBJC_ARC = YES;
				CLANG_ENABLE_OBJC_WEAK = YES;
				CLANG_WARN_BLOCK_CAPTURE_AUTORELEASING = YES;
				CLANG_WARN_BOOL_CONVERSION = YES;
				CLANG_WARN_COMMA = YES;
				CLANG_WARN_CONSTANT_CONVERSION = YES;
				CLANG_WARN_DEPRECATED_OBJC_IMPLEMENTATIONS = YES;
				CLANG_WARN_DIRECT_OBJC_ISA_USAGE = YES_ERROR;
				CLANG_WARN_DOCUMENTATION_COMMENTS = YES;
				CLANG_WARN_EMPTY_BODY = YES;
				CLANG_WARN_ENUM_CONVERSION = YES;
				CLANG_WARN_INFINITE_RECURSION = YES;
				CLANG_WARN_INT_CONVERSION = YES;
				CLANG_WARN_NON_LITERAL_NULL_CONVERSION = YES;
				CLANG_WARN_OBJC_IMPLICIT_RETAIN_SELF = YES;
				CLANG_WARN_OBJC_LITERAL_CONVERSION = YES;
				CLANG_WARN_OBJC_ROOT_CLASS = YES_ERROR;
				CLANG_WARN_QUOTED_INCLUDE_IN_FRAMEWORK_HEADER = YES;
				CLANG_WARN_RANGE_LOOP_ANALYSIS = YES;
				CLANG_WARN_STRICT_PROTOTYPES = YES;
				CLANG_WARN_SUSPICIOUS_MOVE = YES;
				CLANG_WARN_UNGUARDED_AVAILABILITY = YES_AGGRESSIVE;
				CLANG_WARN_UNREACHABLE_CODE = YES;
				CLANG_WARN__DUPLICATE_METHOD_MATCH = YES;
				COPY_PHASE_STRIP = NO;
				DEBUG_INFORMATION_FORMAT = dwarf;
				ENABLE_STRICT_OBJC_MSGSEND = YES;
				ENABLE_TESTABILITY = YES;
				GCC_C_LANGUAGE_STANDARD = gnu11;
				GCC_DYNAMIC_NO_PIC = NO;
				GCC_NO_COMMON_BLOCKS = YES;
				GCC_OPTIMIZATION_LEVEL = 0;
				GCC_PREPROCESSOR_DEFINITIONS = (
					"DEBUG=1",
					"$(inherited)",
				);
				GCC_WARN_64_TO_32_BIT_CONVERSION = YES;
				GCC_WARN_ABOUT_RETURN_TYPE = YES_ERROR;
				GCC_WARN_UNDECLARED_SELECTOR = YES;
				GCC_WARN_UNINITIALIZED_AUTOS = YES_AGGRESSIVE;
				GCC_WARN_UNUSED_FUNCTION = YES;
				GCC_WARN_UNUSED_VARIABLE = YES;
				IPHONEOS_DEPLOYMENT_TARGET = 14.4;
				MTL_ENABLE_DEBUG_INFO = INCLUDE_SOURCE;
				MTL_FAST_MATH = YES;
				ONLY_ACTIVE_ARCH = YES;
				SDKROOT = iphoneos;
				SWIFT_ACTIVE_COMPILATION_CONDITIONS = DEBUG;
				SWIFT_OPTIMIZATION_LEVEL = "-Onone";
			};
			name = Debug;
		};
		AF58F38525E53AB70003A512 /* Release */ = {
			isa = XCBuildConfiguration;
			buildSettings = {
				ALWAYS_SEARCH_USER_PATHS = NO;
				CLANG_ANALYZER_NONNULL = YES;
				CLANG_ANALYZER_NUMBER_OBJECT_CONVERSION = YES_AGGRESSIVE;
				CLANG_CXX_LANGUAGE_STANDARD = "gnu++14";
				CLANG_CXX_LIBRARY = "libc++";
				CLANG_ENABLE_MODULES = YES;
				CLANG_ENABLE_OBJC_ARC = YES;
				CLANG_ENABLE_OBJC_WEAK = YES;
				CLANG_WARN_BLOCK_CAPTURE_AUTORELEASING = YES;
				CLANG_WARN_BOOL_CONVERSION = YES;
				CLANG_WARN_COMMA = YES;
				CLANG_WARN_CONSTANT_CONVERSION = YES;
				CLANG_WARN_DEPRECATED_OBJC_IMPLEMENTATIONS = YES;
				CLANG_WARN_DIRECT_OBJC_ISA_USAGE = YES_ERROR;
				CLANG_WARN_DOCUMENTATION_COMMENTS = YES;
				CLANG_WARN_EMPTY_BODY = YES;
				CLANG_WARN_ENUM_CONVERSION = YES;
				CLANG_WARN_INFINITE_RECURSION = YES;
				CLANG_WARN_INT_CONVERSION = YES;
				CLANG_WARN_NON_LITERAL_NULL_CONVERSION = YES;
				CLANG_WARN_OBJC_IMPLICIT_RETAIN_SELF = YES;
				CLANG_WARN_OBJC_LITERAL_CONVERSION = YES;
				CLANG_WARN_OBJC_ROOT_CLASS = YES_ERROR;
				CLANG_WARN_QUOTED_INCLUDE_IN_FRAMEWORK_HEADER = YES;
				CLANG_WARN_RANGE_LOOP_ANALYSIS = YES;
				CLANG_WARN_STRICT_PROTOTYPES = YES;
				CLANG_WARN_SUSPICIOUS_MOVE = YES;
				CLANG_WARN_UNGUARDED_AVAILABILITY = YES_AGGRESSIVE;
				CLANG_WARN_UNREACHABLE_CODE = YES;
				CLANG_WARN__DUPLICATE_METHOD_MATCH = YES;
				COPY_PHASE_STRIP = NO;
				DEBUG_INFORMATION_FORMAT = "dwarf-with-dsym";
				ENABLE_NS_ASSERTIONS = NO;
				ENABLE_STRICT_OBJC_MSGSEND = YES;
				GCC_C_LANGUAGE_STANDARD = gnu11;
				GCC_NO_COMMON_BLOCKS = YES;
				GCC_WARN_64_TO_32_BIT_CONVERSION = YES;
				GCC_WARN_ABOUT_RETURN_TYPE = YES_ERROR;
				GCC_WARN_UNDECLARED_SELECTOR = YES;
				GCC_WARN_UNINITIALIZED_AUTOS = YES_AGGRESSIVE;
				GCC_WARN_UNUSED_FUNCTION = YES;
				GCC_WARN_UNUSED_VARIABLE = YES;
				IPHONEOS_DEPLOYMENT_TARGET = 14.4;
				MTL_ENABLE_DEBUG_INFO = NO;
				MTL_FAST_MATH = YES;
				SDKROOT = iphoneos;
				SWIFT_COMPILATION_MODE = wholemodule;
				SWIFT_OPTIMIZATION_LEVEL = "-O";
				VALIDATE_PRODUCT = YES;
			};
			name = Release;
		};
		AF58F38725E53AB70003A512 /* Debug */ = {
			isa = XCBuildConfiguration;
			baseConfigurationReference = A6E991B785D79D4D08DC1639 /* Pods-BeerShelter.debug.xcconfig */;
			buildSettings = {
				ASSETCATALOG_COMPILER_APPICON_NAME = AppIcon;
				ASSETCATALOG_COMPILER_GLOBAL_ACCENT_COLOR_NAME = AccentColor;
				CODE_SIGN_STYLE = Automatic;
				INFOPLIST_FILE = BeerShelter/Info.plist;
				LD_RUNPATH_SEARCH_PATHS = (
					"$(inherited)",
					"@executable_path/Frameworks",
				);
				PRODUCT_BUNDLE_IDENTIFIER = prague.BeerShelter;
				PRODUCT_NAME = "$(TARGET_NAME)";
				SWIFT_VERSION = 5.0;
				TARGETED_DEVICE_FAMILY = "1,2";
			};
			name = Debug;
		};
		AF58F38825E53AB70003A512 /* Release */ = {
			isa = XCBuildConfiguration;
			baseConfigurationReference = 7B07ACCA2EC6022F5B46618A /* Pods-BeerShelter.release.xcconfig */;
			buildSettings = {
				ASSETCATALOG_COMPILER_APPICON_NAME = AppIcon;
				ASSETCATALOG_COMPILER_GLOBAL_ACCENT_COLOR_NAME = AccentColor;
				CODE_SIGN_STYLE = Automatic;
				INFOPLIST_FILE = BeerShelter/Info.plist;
				LD_RUNPATH_SEARCH_PATHS = (
					"$(inherited)",
					"@executable_path/Frameworks",
				);
				PRODUCT_BUNDLE_IDENTIFIER = prague.BeerShelter;
				PRODUCT_NAME = "$(TARGET_NAME)";
				SWIFT_VERSION = 5.0;
				TARGETED_DEVICE_FAMILY = "1,2";
			};
			name = Release;
		};
/* End XCBuildConfiguration section */

/* Begin XCConfigurationList section */
		AF58F36D25E53AB40003A512 /* Build configuration list for PBXProject "BeerShelter" */ = {
			isa = XCConfigurationList;
			buildConfigurations = (
				AF58F38425E53AB70003A512 /* Debug */,
				AF58F38525E53AB70003A512 /* Release */,
			);
			defaultConfigurationIsVisible = 0;
			defaultConfigurationName = Release;
		};
		AF58F38625E53AB70003A512 /* Build configuration list for PBXNativeTarget "BeerShelter" */ = {
			isa = XCConfigurationList;
			buildConfigurations = (
				AF58F38725E53AB70003A512 /* Debug */,
				AF58F38825E53AB70003A512 /* Release */,
			);
			defaultConfigurationIsVisible = 0;
			defaultConfigurationName = Release;
		};
/* End XCConfigurationList section */
	};
	rootObject = AF58F36A25E53AB40003A512 /* Project object */;
}
